
Microsoft Visual Studio Solution File, Format Version 12.00
# Visual Studio Version 17
VisualStudioVersion = 17.8.34316.72
MinimumVisualStudioVersion = 10.0.40219.1
Project("{FAE04EC0-301F-11D3-BF4B-00C04F79EFBC}") = "dobokocka", "dobokocka\dobokocka.csproj", "{47CF9812-58A4-43B4-BD94-005E69FEA32F}"
EndProject
Global
	GlobalSection(SolutionConfigurationPlatforms) = preSolution
		Debug|Any CPU = Debug|Any CPU
		Release|Any CPU = Release|Any CPU
	EndGlobalSection
	GlobalSection(ProjectConfigurationPlatforms) = postSolution
		{47CF9812-58A4-43B4-BD94-005E69FEA32F}.Debug|Any CPU.ActiveCfg = Debug|Any CPU
		{47CF9812-58A4-43B4-BD94-005E69FEA32F}.Debug|Any CPU.Build.0 = Debug|Any CPU
		{47CF9812-58A4-43B4-BD94-005E69FEA32F}.Release|Any CPU.ActiveCfg = Release|Any CPU
		{47CF9812-58A4-43B4-BD94-005E69FEA32F}.Release|Any CPU.Build.0 = Release|Any CPU
	EndGlobalSection
	GlobalSection(SolutionProperties) = preSolution
		HideSolutionNode = FALSE
	EndGlobalSection
	GlobalSection(ExtensibilityGlobals) = postSolution
		SolutionGuid = {314236D9-C234-4D5B-B93F-84F364CBF20F}
	EndGlobalSection
EndGlobal
